dependencies:
- name: postgresql-ha
  repository: https://charts.bitnami.com/bitnami
  version: 12.1.3
- name: postgresql-ha
  repository: https://charts.bitnami.com/bitnami
  version: 12.1.3
- name: kafka
  repository: https://charts.bitnami.com/bitnami
  version: 25.3.5
- name: common
  repository: https://charts.bitnami.com/bitnami
  version: 2.13.3
digest: sha256:8deb33b87c20efd86b8c9332c08bf25170ee0c44ceb23332172c193ac86d6486
generated: "2023-11-11T12:58:41.465356284+08:00"
