dependencies:
- name: postgresql-ha
  repository: https://charts.bitnami.com/bitnami
  version: 12.3.4
- name: postgresql-ha
  repository: https://charts.bitnami.com/bitnami
  version: 12.3.4
- name: kafka
  repository: https://charts.bitnami.com/bitnami
  version: 26.6.2
- name: common
  repository: https://charts.bitnami.com/bitnami
  version: 2.14.1
digest: sha256:934bbb0c0d135bd58d70f3fdf70c7d1dbb187c75d807537c36b6d3b68c814abd
generated: "2023-12-27T18:34:07.900010576+08:00"
